
Microsoft Visual Studio Solution File, Format Version 12.00
# Visual Studio Version 17
VisualStudioVersion = 17.7.34018.315
MinimumVisualStudioVersion = 10.0.40219.1
Project("{8BC9CEB8-8B4A-11D0-8D11-00A0C91BC942}") = "hw3p2", "hw3p2\hw3p2.vcxproj", "{ADE72858-316D-4441-9933-FA377A42BF08}"
EndProject
Global
	GlobalSection(SolutionConfigurationPlatforms) = preSolution
		Debug|x64 = Debug|x64
		Debug|x86 = Debug|x86
		Release|x64 = Release|x64
		Release|x86 = Release|x86
	EndGlobalSection
	GlobalSection(ProjectConfigurationPlatforms) = postSolution
		{ADE72858-316D-4441-9933-FA377A42BF08}.Debug|x64.ActiveCfg = Debug|x64
		{ADE72858-316D-4441-9933-FA377A42BF08}.Debug|x64.Build.0 = Debug|x64
		{ADE72858-316D-4441-9933-FA377A42BF08}.Debug|x86.ActiveCfg = Debug|Win32
		{ADE72858-316D-4441-9933-FA377A42BF08}.Debug|x86.Build.0 = Debug|Win32
		{ADE72858-316D-4441-9933-FA377A42BF08}.Release|x64.ActiveCfg = Release|x64
		{ADE72858-316D-4441-9933-FA377A42BF08}.Release|x64.Build.0 = Release|x64
		{ADE72858-316D-4441-9933-FA377A42BF08}.Release|x86.ActiveCfg = Release|Win32
		{ADE72858-316D-4441-9933-FA377A42BF08}.Release|x86.Build.0 = Release|Win32
	EndGlobalSection
	GlobalSection(SolutionProperties) = preSolution
		HideSolutionNode = FALSE
	EndGlobalSection
	GlobalSection(ExtensibilityGlobals) = postSolution
		SolutionGuid = {981CE0E0-86F4-40C3-B71B-DF77A657816D}
	EndGlobalSection
EndGlobal
